
Microsoft Visual Studio Solution File, Format Version 12.00
# Visual Studio Version 16
VisualStudioVersion = 16.0.32106.194
MinimumVisualStudioVersion = 10.0.40219.1
Project("{9A19103F-16F7-4668-BE54-9A1E7A4F7556}") = "WorkHoursTests", "WorkHoursTests\WorkHoursTests.csproj", "{5D43B205-8B37-4BEC-8800-7CC3507BC94C}"
EndProject
Project("{9A19103F-16F7-4668-BE54-9A1E7A4F7556}") = "WorkHours", "WorkHours\WorkHours.csproj", "{964C10B1-ADDF-414D-9106-02F7DB6F9D86}"
EndProject
Global
	GlobalSection(SolutionConfigurationPlatforms) = preSolution
		Debug|Any CPU = Debug|Any CPU
		Release|Any CPU = Release|Any CPU
	EndGlobalSection
	GlobalSection(ProjectConfigurationPlatforms) = postSolution
		{5D43B205-8B37-4BEC-8800-7CC3507BC94C}.Debug|Any CPU.ActiveCfg = Debug|Any CPU
		{5D43B205-8B37-4BEC-8800-7CC3507BC94C}.Debug|Any CPU.Build.0 = Debug|Any CPU
		{5D43B205-8B37-4BEC-8800-7CC3507BC94C}.Release|Any CPU.ActiveCfg = Release|Any CPU
		{5D43B205-8B37-4BEC-8800-7CC3507BC94C}.Release|Any CPU.Build.0 = Release|Any CPU
		{964C10B1-ADDF-414D-9106-02F7DB6F9D86}.Debug|Any CPU.ActiveCfg = Debug|Any CPU
		{964C10B1-ADDF-414D-9106-02F7DB6F9D86}.Debug|Any CPU.Build.0 = Debug|Any CPU
		{964C10B1-ADDF-414D-9106-02F7DB6F9D86}.Release|Any CPU.ActiveCfg = Release|Any CPU
		{964C10B1-ADDF-414D-9106-02F7DB6F9D86}.Release|Any CPU.Build.0 = Release|Any CPU
	EndGlobalSection
	GlobalSection(SolutionProperties) = preSolution
		HideSolutionNode = FALSE
	EndGlobalSection
	GlobalSection(ExtensibilityGlobals) = postSolution
		SolutionGuid = {A58CF7CE-3FE2-446A-90F5-68DFFCC251D8}
	EndGlobalSection
EndGlobal
